<?xml version="1.0" encoding="utf-8"?>
<Project ToolsVersion="4.0" xmlns="http://schemas.microsoft.com/developer/msbuild/2003">
  <ItemGroup>
    <Filter Include="Source Files">
      <UniqueIdentifier>{4FC737F1-C7A5-4376-A066-2A32D752A2FF}</UniqueIdentifier>
      <Extensions>cpp;c;cc;cxx;def;odl;idl;hpj;bat;asm;asmx</Extensions>
    </Filter>
    <Filter Include="Header Files">
      <UniqueIdentifier>{93995380-89BD-4b04-88EB-625FBE52EBFB}</UniqueIdentifier>
      <Extensions>h;hh;hpp;hxx;hm;inl;inc;xsd</Extensions>
    </Filter>
    <Filter Include="Resource Files">
      <UniqueIdentifier>{67DA6AB6-F800-4c08-8B7A-83BB121AAD01}</UniqueIdentifier>
      <Extensions>rc;ico;cur;bmp;dlg;rc2;rct;bin;rgs;gif;jpg;jpeg;jpe;resx;tiff;tif;png;wav;mfcribbon-ms</Extensions>
    </Filter>
    <Filter Include="Generated">
      <UniqueIdentifier>{28a7bc67-f79b-408b-8d91-a686a33eaa1c}</UniqueIdentifier>
    </Filter>
    <Filter Include="Generated\Models">
      <UniqueIdentifier>{cefcd9d1-4180-4eff-ae31-01d869760e79}</UniqueIdentifier>
    </Filter>
    <Filter Include="Generated\Api">
      <UniqueIdentifier>{a609bd42-73a2-4639-94e1-1cbcb1b005a8}</UniqueIdentifier>
    </Filter>
  </ItemGroup>
  <ItemGroup>
    <ClCompile Include="dllmain.cpp">
      <Filter>Source Files</Filter>
    </ClCompile>
    <ClCompile Include="generated\model\ApiResponse.cpp">
      <Filter>Generated\Models</Filter>
    </ClCompile>
    <ClCompile Include="generated\model\Category.cpp">
      <Filter>Generated\Models</Filter>
    </ClCompile>
    <ClCompile Include="generated\HttpContent.cpp">
      <Filter>Generated\Models</Filter>
    </ClCompile>
    <ClCompile Include="generated\ModelBase.cpp">
      <Filter>Generated\Models</Filter>
    </ClCompile>
    <ClCompile Include="generated\MultipartFormData.cpp">
      <Filter>Generated\Models</Filter>
    </ClCompile>
    <ClCompile Include="generated\Object.cpp">
      <Filter>Generated\Models</Filter>
    </ClCompile>
    <ClCompile Include="generated\model\Order.cpp">
      <Filter>Generated\Models</Filter>
    </ClCompile>
    <ClCompile Include="generated\model\Pet.cpp">
      <Filter>Generated\Models</Filter>
    </ClCompile>
    <ClCompile Include="generated\model\Tag.cpp">
      <Filter>Generated\Models</Filter>
    </ClCompile>
    <ClCompile Include="generated\model\User.cpp">
      <Filter>Generated\Models</Filter>
    </ClCompile>
    <ClCompile Include="generated\client\PetApi.cpp">
      <Filter>Generated\Api</Filter>
    </ClCompile>
    <ClCompile Include="generated\client\StoreApi.cpp">
      <Filter>Generated\Api</Filter>
    </ClCompile>
    <ClCompile Include="generated\client\UserApi.cpp">
      <Filter>Generated\Api</Filter>
    </ClCompile>
    <ClCompile Include="generated\ApiBase.cpp">
      <Filter>Generated\Api</Filter>
    </ClCompile>
    <ClCompile Include="generated\ApiConfiguration.cpp">
      <Filter>Generated\Api</Filter>
    </ClCompile>
  </ItemGroup>
  <ItemGroup>
    <ClInclude Include="Commons.h">
      <Filter>Header Files</Filter>
    </ClInclude>
    <ClInclude Include="generated\model\ApiResponse.h">
      <Filter>Generated\Models</Filter>
    </ClInclude>
    <ClInclude Include="generated\model\Category.h">
      <Filter>Generated\Models</Filter>
    </ClInclude>
    <ClInclude Include="generated\HttpContent.h">
      <Filter>Generated\Models</Filter>
    </ClInclude>
    <ClInclude Include="generated\ModelBase.h">
      <Filter>Generated\Models</Filter>
    </ClInclude>
    <ClInclude Include="generated\MultipartFormData.h">
      <Filter>Generated\Models</Filter>
    </ClInclude>
    <ClInclude Include="generated\Object.h">
      <Filter>Generated\Models</Filter>
    </ClInclude>
    <ClInclude Include="generated\model\Order.h">
      <Filter>Generated\Models</Filter>
    </ClInclude>
    <ClInclude Include="generated\model\Pet.h">
      <Filter>Generated\Models</Filter>
    </ClInclude>
    <ClInclude Include="generated\model\Tag.h">
      <Filter>Generated\Models</Filter>
    </ClInclude>
    <ClInclude Include="generated\model\User.h">
      <Filter>Generated\Models</Filter>
    </ClInclude>
    <ClInclude Include="generated\client\PetApi.h">
      <Filter>Generated\Api</Filter>
    </ClInclude>
    <ClInclude Include="generated\client\StoreApi.h">
      <Filter>Generated\Api</Filter>
    </ClInclude>
    <ClInclude Include="generated\client\UserApi.h">
      <Filter>Generated\Api</Filter>
    </ClInclude>
    <ClInclude Include="generated\ApiBase.h">
      <Filter>Generated\Api</Filter>
    </ClInclude>
    <ClInclude Include="generated\ApiConfiguration.h">
      <Filter>Generated\Api</Filter>
    </ClInclude>
  </ItemGroup>
  <ItemGroup>
    <None Include="packages.config" />
  </ItemGroup>
</Project>